
Microsoft Visual Studio Solution File, Format Version 12.00
# Visual Studio Version 17
VisualStudioVersion = 17.4.33110.190
MinimumVisualStudioVersion = 10.0.40219.1
Project("{FAE04EC0-301F-11D3-BF4B-00C04F79EFBC}") = "nice", "nice.csproj", "{3C752DDA-BBB3-4232-A85A-59B3A7553AA4}"
EndProject
Global
	GlobalSection(SolutionConfigurationPlatforms) = preSolution
		Debug|Any CPU = Debug|Any CPU
		Release|Any CPU = Release|Any CPU
	EndGlobalSection
	GlobalSection(ProjectConfigurationPlatforms) = postSolution
		{3C752DDA-BBB3-4232-A85A-59B3A7553AA4}.Debug|Any CPU.ActiveCfg = Debug|Any CPU
		{3C752DDA-BBB3-4232-A85A-59B3A7553AA4}.Debug|Any CPU.Build.0 = Debug|Any CPU
		{3C752DDA-BBB3-4232-A85A-59B3A7553AA4}.Release|Any CPU.ActiveCfg = Release|Any CPU
		{3C752DDA-BBB3-4232-A85A-59B3A7553AA4}.Release|Any CPU.Build.0 = Release|Any CPU
	EndGlobalSection
	GlobalSection(SolutionProperties) = preSolution
		HideSolutionNode = FALSE
	EndGlobalSection
	GlobalSection(ExtensibilityGlobals) = postSolution
		SolutionGuid = {CD293DB3-2B5C-4B35-A5CE-FBAB134D5401}
	EndGlobalSection
EndGlobal
